
Microsoft Visual Studio Solution File, Format Version 12.00
# Visual Studio Version 17
VisualStudioVersion = 17.9.34728.123
MinimumVisualStudioVersion = 10.0.40219.1
Project("{FAE04EC0-301F-11D3-BF4B-00C04F79EFBC}") = "Al sawadi", "Al sawadi.csproj", "{78C59CBB-095C-469F-A8FF-DE78CB37DC9D}"
EndProject
Global
	GlobalSection(SolutionConfigurationPlatforms) = preSolution
		Debug|Any CPU = Debug|Any CPU
		Release|Any CPU = Release|Any CPU
	EndGlobalSection
	GlobalSection(ProjectConfigurationPlatforms) = postSolution
		{78C59CBB-095C-469F-A8FF-DE78CB37DC9D}.Debug|Any CPU.ActiveCfg = Debug|Any CPU
		{78C59CBB-095C-469F-A8FF-DE78CB37DC9D}.Debug|Any CPU.Build.0 = Debug|Any CPU
		{78C59CBB-095C-469F-A8FF-DE78CB37DC9D}.Release|Any CPU.ActiveCfg = Release|Any CPU
		{78C59CBB-095C-469F-A8FF-DE78CB37DC9D}.Release|Any CPU.Build.0 = Release|Any CPU
	EndGlobalSection
	GlobalSection(SolutionProperties) = preSolution
		HideSolutionNode = FALSE
	EndGlobalSection
	GlobalSection(ExtensibilityGlobals) = postSolution
		SolutionGuid = {B3635890-095A-4C41-818D-CEDAC8FF59BC}
	EndGlobalSection
EndGlobal
